github.com/AliceDiNunno/KubernetesUtil v1.0.3 h1:PW1YQ1jlySjDdCFTcphSSo6xp5Ky4QYsPkA5pHdmPek=
github.com/AliceDiNunno/KubernetesUtil v1.0.3/go.mod h1:mbq0+jPu54HIUNh3Q4bUJFoZB+5EwXu/CXroJdqTCUY=
github.com/davecgh/go-spew v1.1.1 h1:vj9j/u1bqnvCEfJOwUhtlOARqs3+rkHYY13jYWTU97c=
github.com/davecgh/go-spew v1.1.1/go.mod h1:J7Y8YcW2NihsgmVo/mv3lAwl/skON4iLHjSsI+c5H38=
